
Microsoft Visual Studio Solution File, Format Version 12.00
# Visual Studio 15
VisualStudioVersion = 15.0.28307.136
MinimumVisualStudioVersion = 10.0.40219.1
Project("{FAE04EC0-301F-11D3-BF4B-00C04F79EFBC}") = "Savema", "Savema\Savema.csproj", "{19BDD723-E97A-4450-B2E3-91D2CF82215B}"
EndProject
Global
	GlobalSection(SolutionConfigurationPlatforms) = preSolution
		Debug|Any CPU = Debug|Any CPU
		Release|Any CPU = Release|Any CPU
	EndGlobalSection
	GlobalSection(ProjectConfigurationPlatforms) = postSolution
		{19BDD723-E97A-4450-B2E3-91D2CF82215B}.Debug|Any CPU.ActiveCfg = Debug|Any CPU
		{19BDD723-E97A-4450-B2E3-91D2CF82215B}.Debug|Any CPU.Build.0 = Debug|Any CPU
		{19BDD723-E97A-4450-B2E3-91D2CF82215B}.Release|Any CPU.ActiveCfg = Release|Any CPU
		{19BDD723-E97A-4450-B2E3-91D2CF82215B}.Release|Any CPU.Build.0 = Release|Any CPU
	EndGlobalSection
	GlobalSection(SolutionProperties) = preSolution
		HideSolutionNode = FALSE
	EndGlobalSection
	GlobalSection(ExtensibilityGlobals) = postSolution
		SolutionGuid = {948A4BF6-353C-4655-9C6F-67C271006A39}
	EndGlobalSection
EndGlobal
